
Microsoft Visual Studio Solution File, Format Version 12.00
# Visual Studio Version 17
VisualStudioVersion = 17.11.35208.52
MinimumVisualStudioVersion = 10.0.40219.1
Project("{FAE04EC0-301F-11D3-BF4B-00C04F79EFBC}") = "046 Dizi_EnbuyukBuk", "046 Dizi_EnbuyukBuk.csproj", "{2E41CC5A-D996-40D6-AB57-EF37BC22131B}"
EndProject
Global
	GlobalSection(SolutionConfigurationPlatforms) = preSolution
		Debug|Any CPU = Debug|Any CPU
		Release|Any CPU = Release|Any CPU
	EndGlobalSection
	GlobalSection(ProjectConfigurationPlatforms) = postSolution
		{2E41CC5A-D996-40D6-AB57-EF37BC22131B}.Debug|Any CPU.ActiveCfg = Debug|Any CPU
		{2E41CC5A-D996-40D6-AB57-EF37BC22131B}.Debug|Any CPU.Build.0 = Debug|Any CPU
		{2E41CC5A-D996-40D6-AB57-EF37BC22131B}.Release|Any CPU.ActiveCfg = Release|Any CPU
		{2E41CC5A-D996-40D6-AB57-EF37BC22131B}.Release|Any CPU.Build.0 = Release|Any CPU
	EndGlobalSection
	GlobalSection(SolutionProperties) = preSolution
		HideSolutionNode = FALSE
	EndGlobalSection
	GlobalSection(ExtensibilityGlobals) = postSolution
		SolutionGuid = {5262319E-0322-4177-B997-CAAD80FEB45E}
	EndGlobalSection
EndGlobal
