
Microsoft Visual Studio Solution File, Format Version 12.00
# Visual Studio Version 17
VisualStudioVersion = 17.10.35122.118
MinimumVisualStudioVersion = 10.0.40219.1
Project("{FAE04EC0-301F-11D3-BF4B-00C04F79EFBC}") = "058 Veritabani_CRUD", "058 Veritabani_CRUD.csproj", "{52D43C4E-297B-4F18-AA93-0F30650E0565}"
EndProject
Global
	GlobalSection(SolutionConfigurationPlatforms) = preSolution
		Debug|Any CPU = Debug|Any CPU
		Release|Any CPU = Release|Any CPU
	EndGlobalSection
	GlobalSection(ProjectConfigurationPlatforms) = postSolution
		{52D43C4E-297B-4F18-AA93-0F30650E0565}.Debug|Any CPU.ActiveCfg = Debug|Any CPU
		{52D43C4E-297B-4F18-AA93-0F30650E0565}.Debug|Any CPU.Build.0 = Debug|Any CPU
		{52D43C4E-297B-4F18-AA93-0F30650E0565}.Release|Any CPU.ActiveCfg = Release|Any CPU
		{52D43C4E-297B-4F18-AA93-0F30650E0565}.Release|Any CPU.Build.0 = Release|Any CPU
	EndGlobalSection
	GlobalSection(SolutionProperties) = preSolution
		HideSolutionNode = FALSE
	EndGlobalSection
	GlobalSection(ExtensibilityGlobals) = postSolution
		SolutionGuid = {1C870027-FEFF-4F7C-8A5A-D6248B8EF9E9}
	EndGlobalSection
EndGlobal
