
Microsoft Visual Studio Solution File, Format Version 12.00
# Visual Studio Version 17
VisualStudioVersion = 17.10.35027.167
MinimumVisualStudioVersion = 10.0.40219.1
Project("{FAE04EC0-301F-11D3-BF4B-00C04F79EFBC}") = "012 Sart_Kullanici_Sifre_Kontrol", "012 Sart_Kullanici_Sifre_Kontrol.csproj", "{BA8F6564-7A66-4A24-8FA2-E28C2D56740D}"
EndProject
Global
	GlobalSection(SolutionConfigurationPlatforms) = preSolution
		Debug|Any CPU = Debug|Any CPU
		Release|Any CPU = Release|Any CPU
	EndGlobalSection
	GlobalSection(ProjectConfigurationPlatforms) = postSolution
		{BA8F6564-7A66-4A24-8FA2-E28C2D56740D}.Debug|Any CPU.ActiveCfg = Debug|Any CPU
		{BA8F6564-7A66-4A24-8FA2-E28C2D56740D}.Debug|Any CPU.Build.0 = Debug|Any CPU
		{BA8F6564-7A66-4A24-8FA2-E28C2D56740D}.Release|Any CPU.ActiveCfg = Release|Any CPU
		{BA8F6564-7A66-4A24-8FA2-E28C2D56740D}.Release|Any CPU.Build.0 = Release|Any CPU
	EndGlobalSection
	GlobalSection(SolutionProperties) = preSolution
		HideSolutionNode = FALSE
	EndGlobalSection
	GlobalSection(ExtensibilityGlobals) = postSolution
		SolutionGuid = {D0B60C99-D230-466C-996C-67F02C1F1C30}
	EndGlobalSection
EndGlobal
