
Microsoft Visual Studio Solution File, Format Version 12.00
# Visual Studio Version 17
VisualStudioVersion = 17.10.35122.118
MinimumVisualStudioVersion = 10.0.40219.1
Project("{FAE04EC0-301F-11D3-BF4B-00C04F79EFBC}") = "057 Metot Sonsuz Parametreli", "057 Metot Sonsuz Parametreli.csproj", "{94488799-4FB0-4383-BCB7-F85A4307C3F1}"
EndProject
Global
	GlobalSection(SolutionConfigurationPlatforms) = preSolution
		Debug|Any CPU = Debug|Any CPU
		Release|Any CPU = Release|Any CPU
	EndGlobalSection
	GlobalSection(ProjectConfigurationPlatforms) = postSolution
		{94488799-4FB0-4383-BCB7-F85A4307C3F1}.Debug|Any CPU.ActiveCfg = Debug|Any CPU
		{94488799-4FB0-4383-BCB7-F85A4307C3F1}.Debug|Any CPU.Build.0 = Debug|Any CPU
		{94488799-4FB0-4383-BCB7-F85A4307C3F1}.Release|Any CPU.ActiveCfg = Release|Any CPU
		{94488799-4FB0-4383-BCB7-F85A4307C3F1}.Release|Any CPU.Build.0 = Release|Any CPU
	EndGlobalSection
	GlobalSection(SolutionProperties) = preSolution
		HideSolutionNode = FALSE
	EndGlobalSection
	GlobalSection(ExtensibilityGlobals) = postSolution
		SolutionGuid = {2145CF9A-EF42-4E86-A41B-DBD3CD0A926D}
	EndGlobalSection
EndGlobal
