
Microsoft Visual Studio Solution File, Format Version 12.00
# Visual Studio Version 17
VisualStudioVersion = 17.11.35208.52
MinimumVisualStudioVersion = 10.0.40219.1
Project("{FAE04EC0-301F-11D3-BF4B-00C04F79EFBC}") = "042 Foreach Döngüsü", "042 Foreach Döngüsü.csproj", "{1D6C7B13-99EA-4EC0-978F-1025FFE17D9C}"
EndProject
Global
	GlobalSection(SolutionConfigurationPlatforms) = preSolution
		Debug|Any CPU = Debug|Any CPU
		Release|Any CPU = Release|Any CPU
	EndGlobalSection
	GlobalSection(ProjectConfigurationPlatforms) = postSolution
		{1D6C7B13-99EA-4EC0-978F-1025FFE17D9C}.Debug|Any CPU.ActiveCfg = Debug|Any CPU
		{1D6C7B13-99EA-4EC0-978F-1025FFE17D9C}.Debug|Any CPU.Build.0 = Debug|Any CPU
		{1D6C7B13-99EA-4EC0-978F-1025FFE17D9C}.Release|Any CPU.ActiveCfg = Release|Any CPU
		{1D6C7B13-99EA-4EC0-978F-1025FFE17D9C}.Release|Any CPU.Build.0 = Release|Any CPU
	EndGlobalSection
	GlobalSection(SolutionProperties) = preSolution
		HideSolutionNode = FALSE
	EndGlobalSection
	GlobalSection(ExtensibilityGlobals) = postSolution
		SolutionGuid = {7B8DCB2C-7A2C-4866-ACA5-0A9D5BFF4FDD}
	EndGlobalSection
EndGlobal
