
Microsoft Visual Studio Solution File, Format Version 12.00
# Visual Studio Version 17
VisualStudioVersion = 17.10.35122.118
MinimumVisualStudioVersion = 10.0.40219.1
Project("{FAE04EC0-301F-11D3-BF4B-00C04F79EFBC}") = "023 Ternary Operatıor ve Switch Case", "023 Ternary Operatıor ve Switch Case.csproj", "{B21A9707-76B9-43D7-AFDC-B891A9AE6363}"
EndProject
Global
	GlobalSection(SolutionConfigurationPlatforms) = preSolution
		Debug|Any CPU = Debug|Any CPU
		Release|Any CPU = Release|Any CPU
	EndGlobalSection
	GlobalSection(ProjectConfigurationPlatforms) = postSolution
		{B21A9707-76B9-43D7-AFDC-B891A9AE6363}.Debug|Any CPU.ActiveCfg = Debug|Any CPU
		{B21A9707-76B9-43D7-AFDC-B891A9AE6363}.Debug|Any CPU.Build.0 = Debug|Any CPU
		{B21A9707-76B9-43D7-AFDC-B891A9AE6363}.Release|Any CPU.ActiveCfg = Release|Any CPU
		{B21A9707-76B9-43D7-AFDC-B891A9AE6363}.Release|Any CPU.Build.0 = Release|Any CPU
	EndGlobalSection
	GlobalSection(SolutionProperties) = preSolution
		HideSolutionNode = FALSE
	EndGlobalSection
	GlobalSection(ExtensibilityGlobals) = postSolution
		SolutionGuid = {EEA772EB-A962-401E-AD17-7DA569029256}
	EndGlobalSection
EndGlobal
