
Microsoft Visual Studio Solution File, Format Version 12.00
# Visual Studio Version 17
VisualStudioVersion = 17.10.35122.118
MinimumVisualStudioVersion = 10.0.40219.1
Project("{FAE04EC0-301F-11D3-BF4B-00C04F79EFBC}") = "51 Faktoriyel Form", "51 Faktoriyel Form.csproj", "{3015BC2A-9459-4814-8373-50265B1026BF}"
EndProject
Global
	GlobalSection(SolutionConfigurationPlatforms) = preSolution
		Debug|Any CPU = Debug|Any CPU
		Release|Any CPU = Release|Any CPU
	EndGlobalSection
	GlobalSection(ProjectConfigurationPlatforms) = postSolution
		{3015BC2A-9459-4814-8373-50265B1026BF}.Debug|Any CPU.ActiveCfg = Debug|Any CPU
		{3015BC2A-9459-4814-8373-50265B1026BF}.Debug|Any CPU.Build.0 = Debug|Any CPU
		{3015BC2A-9459-4814-8373-50265B1026BF}.Release|Any CPU.ActiveCfg = Release|Any CPU
		{3015BC2A-9459-4814-8373-50265B1026BF}.Release|Any CPU.Build.0 = Release|Any CPU
	EndGlobalSection
	GlobalSection(SolutionProperties) = preSolution
		HideSolutionNode = FALSE
	EndGlobalSection
	GlobalSection(ExtensibilityGlobals) = postSolution
		SolutionGuid = {38398D41-FF31-439A-B889-919D6D465CC6}
	EndGlobalSection
EndGlobal
