
Microsoft Visual Studio Solution File, Format Version 12.00
# Visual Studio Version 17
VisualStudioVersion = 17.10.35027.167
MinimumVisualStudioVersion = 10.0.40219.1
Project("{FAE04EC0-301F-11D3-BF4B-00C04F79EFBC}") = "010_Sart_Suyun_Kaynamasi", "010_Sart_Suyun_Kaynamasi.csproj", "{DCE497C4-99A5-4288-A1FD-DA2168E1370D}"
EndProject
Global
	GlobalSection(SolutionConfigurationPlatforms) = preSolution
		Debug|Any CPU = Debug|Any CPU
		Release|Any CPU = Release|Any CPU
	EndGlobalSection
	GlobalSection(ProjectConfigurationPlatforms) = postSolution
		{DCE497C4-99A5-4288-A1FD-DA2168E1370D}.Debug|Any CPU.ActiveCfg = Debug|Any CPU
		{DCE497C4-99A5-4288-A1FD-DA2168E1370D}.Debug|Any CPU.Build.0 = Debug|Any CPU
		{DCE497C4-99A5-4288-A1FD-DA2168E1370D}.Release|Any CPU.ActiveCfg = Release|Any CPU
		{DCE497C4-99A5-4288-A1FD-DA2168E1370D}.Release|Any CPU.Build.0 = Release|Any CPU
	EndGlobalSection
	GlobalSection(SolutionProperties) = preSolution
		HideSolutionNode = FALSE
	EndGlobalSection
	GlobalSection(ExtensibilityGlobals) = postSolution
		SolutionGuid = {50766BDA-61A0-4DAB-80F6-FE97F365CDE7}
	EndGlobalSection
EndGlobal
