
Microsoft Visual Studio Solution File, Format Version 12.00
# Visual Studio Version 17
VisualStudioVersion = 17.10.35027.167
MinimumVisualStudioVersion = 10.0.40219.1
Project("{FAE04EC0-301F-11D3-BF4B-00C04F79EFBC}") = "13 Sart_Yapilari_VEYA", "13 Sart_Yapilari_VEYA.csproj", "{1A480165-5582-420D-9825-13EBD760350D}"
EndProject
Global
	GlobalSection(SolutionConfigurationPlatforms) = preSolution
		Debug|Any CPU = Debug|Any CPU
		Release|Any CPU = Release|Any CPU
	EndGlobalSection
	GlobalSection(ProjectConfigurationPlatforms) = postSolution
		{1A480165-5582-420D-9825-13EBD760350D}.Debug|Any CPU.ActiveCfg = Debug|Any CPU
		{1A480165-5582-420D-9825-13EBD760350D}.Debug|Any CPU.Build.0 = Debug|Any CPU
		{1A480165-5582-420D-9825-13EBD760350D}.Release|Any CPU.ActiveCfg = Release|Any CPU
		{1A480165-5582-420D-9825-13EBD760350D}.Release|Any CPU.Build.0 = Release|Any CPU
	EndGlobalSection
	GlobalSection(SolutionProperties) = preSolution
		HideSolutionNode = FALSE
	EndGlobalSection
	GlobalSection(ExtensibilityGlobals) = postSolution
		SolutionGuid = {C7A85BFB-0763-4D57-9668-153D6A844D50}
	EndGlobalSection
EndGlobal
