
Microsoft Visual Studio Solution File, Format Version 12.00
# Visual Studio Version 17
VisualStudioVersion = 17.11.35208.52
MinimumVisualStudioVersion = 10.0.40219.1
Project("{FAE04EC0-301F-11D3-BF4B-00C04F79EFBC}") = "036 While Dongusu", "036 While Dongusu\036 While Dongusu.csproj", "{91F19D5F-E688-46B7-857C-0051F45D30B5}"
EndProject
Global
	GlobalSection(SolutionConfigurationPlatforms) = preSolution
		Debug|Any CPU = Debug|Any CPU
		Release|Any CPU = Release|Any CPU
	EndGlobalSection
	GlobalSection(ProjectConfigurationPlatforms) = postSolution
		{91F19D5F-E688-46B7-857C-0051F45D30B5}.Debug|Any CPU.ActiveCfg = Debug|Any CPU
		{91F19D5F-E688-46B7-857C-0051F45D30B5}.Debug|Any CPU.Build.0 = Debug|Any CPU
		{91F19D5F-E688-46B7-857C-0051F45D30B5}.Release|Any CPU.ActiveCfg = Release|Any CPU
		{91F19D5F-E688-46B7-857C-0051F45D30B5}.Release|Any CPU.Build.0 = Release|Any CPU
	EndGlobalSection
	GlobalSection(SolutionProperties) = preSolution
		HideSolutionNode = FALSE
	EndGlobalSection
	GlobalSection(ExtensibilityGlobals) = postSolution
		SolutionGuid = {D63BFDE9-F409-430E-83EC-BB38A6BA4147}
	EndGlobalSection
EndGlobal
