
Microsoft Visual Studio Solution File, Format Version 12.00
# Visual Studio Version 17
VisualStudioVersion = 17.11.35208.52
MinimumVisualStudioVersion = 10.0.40219.1
Project("{FAE04EC0-301F-11D3-BF4B-00C04F79EFBC}") = "043 Dizilere Giriş", "043 Dizilere Giriş.csproj", "{518DEE07-6D69-49D5-A8A0-62098CF16878}"
EndProject
Global
	GlobalSection(SolutionConfigurationPlatforms) = preSolution
		Debug|Any CPU = Debug|Any CPU
		Release|Any CPU = Release|Any CPU
	EndGlobalSection
	GlobalSection(ProjectConfigurationPlatforms) = postSolution
		{518DEE07-6D69-49D5-A8A0-62098CF16878}.Debug|Any CPU.ActiveCfg = Debug|Any CPU
		{518DEE07-6D69-49D5-A8A0-62098CF16878}.Debug|Any CPU.Build.0 = Debug|Any CPU
		{518DEE07-6D69-49D5-A8A0-62098CF16878}.Release|Any CPU.ActiveCfg = Release|Any CPU
		{518DEE07-6D69-49D5-A8A0-62098CF16878}.Release|Any CPU.Build.0 = Release|Any CPU
	EndGlobalSection
	GlobalSection(SolutionProperties) = preSolution
		HideSolutionNode = FALSE
	EndGlobalSection
	GlobalSection(ExtensibilityGlobals) = postSolution
		SolutionGuid = {6BE28B53-8E1F-4956-99C7-32ADE68C5386}
	EndGlobalSection
EndGlobal
