
Microsoft Visual Studio Solution File, Format Version 12.00
# Visual Studio Version 17
VisualStudioVersion = 17.11.35303.130
MinimumVisualStudioVersion = 10.0.40219.1
Project("{FAE04EC0-301F-11D3-BF4B-00C04F79EFBC}") = "TodoList", "TodoList\TodoList.csproj", "{FE9423FB-C635-49A6-8B40-7A4288F63B38}"
EndProject
Global
	GlobalSection(SolutionConfigurationPlatforms) = preSolution
		Debug|Any CPU = Debug|Any CPU
		Release|Any CPU = Release|Any CPU
	EndGlobalSection
	GlobalSection(ProjectConfigurationPlatforms) = postSolution
		{FE9423FB-C635-49A6-8B40-7A4288F63B38}.Debug|Any CPU.ActiveCfg = Debug|Any CPU
		{FE9423FB-C635-49A6-8B40-7A4288F63B38}.Debug|Any CPU.Build.0 = Debug|Any CPU
		{FE9423FB-C635-49A6-8B40-7A4288F63B38}.Release|Any CPU.ActiveCfg = Release|Any CPU
		{FE9423FB-C635-49A6-8B40-7A4288F63B38}.Release|Any CPU.Build.0 = Release|Any CPU
	EndGlobalSection
	GlobalSection(SolutionProperties) = preSolution
		HideSolutionNode = FALSE
	EndGlobalSection
	GlobalSection(ExtensibilityGlobals) = postSolution
		SolutionGuid = {E859313C-53D8-4227-A7C5-BC89E0BD1FA1}
	EndGlobalSection
EndGlobal
