
Microsoft Visual Studio Solution File, Format Version 12.00
# Visual Studio Version 17
VisualStudioVersion = 17.11.35208.52
MinimumVisualStudioVersion = 10.0.40219.1
Project("{FAE04EC0-301F-11D3-BF4B-00C04F79EFBC}") = "039 Sonsuz Döngü Menü", "039 Sonsuz Döngü Menü.csproj", "{BBE58008-E945-4174-95F9-6C86AC0D59B5}"
EndProject
Global
	GlobalSection(SolutionConfigurationPlatforms) = preSolution
		Debug|Any CPU = Debug|Any CPU
		Release|Any CPU = Release|Any CPU
	EndGlobalSection
	GlobalSection(ProjectConfigurationPlatforms) = postSolution
		{BBE58008-E945-4174-95F9-6C86AC0D59B5}.Debug|Any CPU.ActiveCfg = Debug|Any CPU
		{BBE58008-E945-4174-95F9-6C86AC0D59B5}.Debug|Any CPU.Build.0 = Debug|Any CPU
		{BBE58008-E945-4174-95F9-6C86AC0D59B5}.Release|Any CPU.ActiveCfg = Release|Any CPU
		{BBE58008-E945-4174-95F9-6C86AC0D59B5}.Release|Any CPU.Build.0 = Release|Any CPU
	EndGlobalSection
	GlobalSection(SolutionProperties) = preSolution
		HideSolutionNode = FALSE
	EndGlobalSection
	GlobalSection(ExtensibilityGlobals) = postSolution
		SolutionGuid = {2B98F04C-4069-406E-95A6-C0A4718E65B4}
	EndGlobalSection
EndGlobal
