
Microsoft Visual Studio Solution File, Format Version 12.00
# Visual Studio Version 17
VisualStudioVersion = 17.10.35027.167
MinimumVisualStudioVersion = 10.0.40219.1
Project("{FAE04EC0-301F-11D3-BF4B-00C04F79EFBC}") = "008_ZamliMaas", "008_ZamliMaas.csproj", "{6BD07238-6BC2-4E73-AB30-FA020D875829}"
EndProject
Global
	GlobalSection(SolutionConfigurationPlatforms) = preSolution
		Debug|Any CPU = Debug|Any CPU
		Release|Any CPU = Release|Any CPU
	EndGlobalSection
	GlobalSection(ProjectConfigurationPlatforms) = postSolution
		{6BD07238-6BC2-4E73-AB30-FA020D875829}.Debug|Any CPU.ActiveCfg = Debug|Any CPU
		{6BD07238-6BC2-4E73-AB30-FA020D875829}.Debug|Any CPU.Build.0 = Debug|Any CPU
		{6BD07238-6BC2-4E73-AB30-FA020D875829}.Release|Any CPU.ActiveCfg = Release|Any CPU
		{6BD07238-6BC2-4E73-AB30-FA020D875829}.Release|Any CPU.Build.0 = Release|Any CPU
	EndGlobalSection
	GlobalSection(SolutionProperties) = preSolution
		HideSolutionNode = FALSE
	EndGlobalSection
	GlobalSection(ExtensibilityGlobals) = postSolution
		SolutionGuid = {FE819F61-CAF8-42B4-A7DA-4B709293C42B}
	EndGlobalSection
EndGlobal
